
Microsoft Visual Studio Solution File, Format Version 12.00
# Visual Studio Version 17
VisualStudioVersion = 17.7.34018.315
MinimumVisualStudioVersion = 10.0.40219.1
Project("{8BC9CEB8-8B4A-11D0-8D11-00A0C91BC942}") = "Lab-17-18-2", "Lab-17-18-2\Lab-17-18-2.vcxproj", "{481D1668-CB52-4051-8C46-C457E0D7BE16}"
EndProject
Global
	GlobalSection(SolutionConfigurationPlatforms) = preSolution
		Debug|x64 = Debug|x64
		Debug|x86 = Debug|x86
		Release|x64 = Release|x64
		Release|x86 = Release|x86
	EndGlobalSection
	GlobalSection(ProjectConfigurationPlatforms) = postSolution
		{481D1668-CB52-4051-8C46-C457E0D7BE16}.Debug|x64.ActiveCfg = Debug|x64
		{481D1668-CB52-4051-8C46-C457E0D7BE16}.Debug|x64.Build.0 = Debug|x64
		{481D1668-CB52-4051-8C46-C457E0D7BE16}.Debug|x86.ActiveCfg = Debug|Win32
		{481D1668-CB52-4051-8C46-C457E0D7BE16}.Debug|x86.Build.0 = Debug|Win32
		{481D1668-CB52-4051-8C46-C457E0D7BE16}.Release|x64.ActiveCfg = Release|x64
		{481D1668-CB52-4051-8C46-C457E0D7BE16}.Release|x64.Build.0 = Release|x64
		{481D1668-CB52-4051-8C46-C457E0D7BE16}.Release|x86.ActiveCfg = Release|Win32
		{481D1668-CB52-4051-8C46-C457E0D7BE16}.Release|x86.Build.0 = Release|Win32
	EndGlobalSection
	GlobalSection(SolutionProperties) = preSolution
		HideSolutionNode = FALSE
	EndGlobalSection
	GlobalSection(ExtensibilityGlobals) = postSolution
		SolutionGuid = {3B012AD5-03B0-4D44-A0FE-ACE74EEE2864}
	EndGlobalSection
EndGlobal
